
Microsoft Visual Studio Solution File, Format Version 12.00
# Visual Studio 14
VisualStudioVersion = 14.0.24720.0
MinimumVisualStudioVersion = 10.0.40219.1
Project("{FAE04EC0-301F-11D3-BF4B-00C04F79EFBC}") = "RedSocial.Droid", "RedSocial\RedSocial.Droid\RedSocial.Droid.csproj", "{EAC49896-C505-4806-BDEA-1F9A1AB269EA}"
EndProject
Project("{FAE04EC0-301F-11D3-BF4B-00C04F79EFBC}") = "RedSocial.iOS", "RedSocial\RedSocial.iOS\RedSocial.iOS.csproj", "{814615B9-336A-4384-A566-CD38ADE95FEF}"
EndProject
Project("{FAE04EC0-301F-11D3-BF4B-00C04F79EFBC}") = "RedSocial.WinPhone", "RedSocial\RedSocial.WinPhone\RedSocial.WinPhone.csproj", "{DFAB357B-66DB-4864-A4C1-414794CF934E}"
EndProject
Project("{FAE04EC0-301F-11D3-BF4B-00C04F79EFBC}") = "RedSocial", "RedSocial\RedSocial\RedSocial.csproj", "{1D0190CC-6AD5-46F8-A9BF-3B04E522321D}"
EndProject
Global
	GlobalSection(SolutionConfigurationPlatforms) = preSolution
		Ad-Hoc|Any CPU = Ad-Hoc|Any CPU
		Ad-Hoc|ARM = Ad-Hoc|ARM
		Ad-Hoc|iPhone = Ad-Hoc|iPhone
		Ad-Hoc|iPhoneSimulator = Ad-Hoc|iPhoneSimulator
		Ad-Hoc|x86 = Ad-Hoc|x86
		AppStore|Any CPU = AppStore|Any CPU
		AppStore|ARM = AppStore|ARM
		AppStore|iPhone = AppStore|iPhone
		AppStore|iPhoneSimulator = AppStore|iPhoneSimulator
		AppStore|x86 = AppStore|x86
		Debug|Any CPU = Debug|Any CPU
		Debug|ARM = Debug|ARM
		Debug|iPhone = Debug|iPhone
		Debug|iPhoneSimulator = Debug|iPhoneSimulator
		Debug|x86 = Debug|x86
		Release|Any CPU = Release|Any CPU
		Release|ARM = Release|ARM
		Release|iPhone = Release|iPhone
		Release|iPhoneSimulator = Release|iPhoneSimulator
		Release|x86 = Release|x86
	EndGlobalSection
	GlobalSection(ProjectConfigurationPlatforms) = postSolution
		{EAC49896-C505-4806-BDEA-1F9A1AB269EA}.Ad-Hoc|Any CPU.ActiveCfg = Release|Any CPU
		{EAC49896-C505-4806-BDEA-1F9A1AB269EA}.Ad-Hoc|Any CPU.Build.0 = Release|Any CPU
		{EAC49896-C505-4806-BDEA-1F9A1AB269EA}.Ad-Hoc|Any CPU.Deploy.0 = Release|Any CPU
		{EAC49896-C505-4806-BDEA-1F9A1AB269EA}.Ad-Hoc|ARM.ActiveCfg = Release|Any CPU
		{EAC49896-C505-4806-BDEA-1F9A1AB269EA}.Ad-Hoc|ARM.Build.0 = Release|Any CPU
		{EAC49896-C505-4806-BDEA-1F9A1AB269EA}.Ad-Hoc|ARM.Deploy.0 = Release|Any CPU
		{EAC49896-C505-4806-BDEA-1F9A1AB269EA}.Ad-Hoc|iPhone.ActiveCfg = Release|Any CPU
		{EAC49896-C505-4806-BDEA-1F9A1AB269EA}.Ad-Hoc|iPhone.Build.0 = Release|Any CPU
		{EAC49896-C505-4806-BDEA-1F9A1AB269EA}.Ad-Hoc|iPhone.Deploy.0 = Release|Any CPU
		{EAC49896-C505-4806-BDEA-1F9A1AB269EA}.Ad-Hoc|iPhoneSimulator.ActiveCfg = Release|Any CPU
		{EAC49896-C505-4806-BDEA-1F9A1AB269EA}.Ad-Hoc|iPhoneSimulator.Build.0 = Release|Any CPU
		{EAC49896-C505-4806-BDEA-1F9A1AB269EA}.Ad-Hoc|iPhoneSimulator.Deploy.0 = Release|Any CPU
		{EAC49896-C505-4806-BDEA-1F9A1AB269EA}.Ad-Hoc|x86.ActiveCfg = Release|Any CPU
		{EAC49896-C505-4806-BDEA-1F9A1AB269EA}.Ad-Hoc|x86.Build.0 = Release|Any CPU
		{EAC49896-C505-4806-BDEA-1F9A1AB269EA}.Ad-Hoc|x86.Deploy.0 = Release|Any CPU
		{EAC49896-C505-4806-BDEA-1F9A1AB269EA}.AppStore|Any CPU.ActiveCfg = Release|Any CPU
		{EAC49896-C505-4806-BDEA-1F9A1AB269EA}.AppStore|Any CPU.Build.0 = Release|Any CPU
		{EAC49896-C505-4806-BDEA-1F9A1AB269EA}.AppStore|Any CPU.Deploy.0 = Release|Any CPU
		{EAC49896-C505-4806-BDEA-1F9A1AB269EA}.AppStore|ARM.ActiveCfg = Release|Any CPU
		{EAC49896-C505-4806-BDEA-1F9A1AB269EA}.AppStore|ARM.Build.0 = Release|Any CPU
		{EAC49896-C505-4806-BDEA-1F9A1AB269EA}.AppStore|ARM.Deploy.0 = Release|Any CPU
		{EAC49896-C505-4806-BDEA-1F9A1AB269EA}.AppStore|iPhone.ActiveCfg = Release|Any CPU
		{EAC49896-C505-4806-BDEA-1F9A1AB269EA}.AppStore|iPhone.Build.0 = Release|Any CPU
		{EAC49896-C505-4806-BDEA-1F9A1AB269EA}.AppStore|iPhone.Deploy.0 = Release|Any CPU
		{EAC49896-C505-4806-BDEA-1F9A1AB269EA}.AppStore|iPhoneSimulator.ActiveCfg = Release|Any CPU
		{EAC49896-C505-4806-BDEA-1F9A1AB269EA}.AppStore|iPhoneSimulator.Build.0 = Release|Any CPU
		{EAC49896-C505-4806-BDEA-1F9A1AB269EA}.AppStore|iPhoneSimulator.Deploy.0 = Release|Any CPU
		{EAC49896-C505-4806-BDEA-1F9A1AB269EA}.AppStore|x86.ActiveCfg = Release|Any CPU
		{EAC49896-C505-4806-BDEA-1F9A1AB269EA}.AppStore|x86.Build.0 = Release|Any CPU
		{EAC49896-C505-4806-BDEA-1F9A1AB269EA}.AppStore|x86.Deploy.0 = Release|Any CPU
		{EAC49896-C505-4806-BDEA-1F9A1AB269EA}.Debug|Any CPU.ActiveCfg = Debug|Any CPU
		{EAC49896-C505-4806-BDEA-1F9A1AB269EA}.Debug|Any CPU.Build.0 = Debug|Any CPU
		{EAC49896-C505-4806-BDEA-1F9A1AB269EA}.Debug|Any CPU.Deploy.0 = Debug|Any CPU
		{EAC49896-C505-4806-BDEA-1F9A1AB269EA}.Debug|ARM.ActiveCfg = Debug|Any CPU
		{EAC49896-C505-4806-BDEA-1F9A1AB269EA}.Debug|ARM.Build.0 = Debug|Any CPU
		{EAC49896-C505-4806-BDEA-1F9A1AB269EA}.Debug|ARM.Deploy.0 = Debug|Any CPU
		{EAC49896-C505-4806-BDEA-1F9A1AB269EA}.Debug|iPhone.ActiveCfg = Debug|Any CPU
		{EAC49896-C505-4806-BDEA-1F9A1AB269EA}.Debug|iPhone.Build.0 = Debug|Any CPU
		{EAC49896-C505-4806-BDEA-1F9A1AB269EA}.Debug|iPhone.Deploy.0 = Debug|Any CPU
		{EAC49896-C505-4806-BDEA-1F9A1AB269EA}.Debug|iPhoneSimulator.ActiveCfg = Debug|Any CPU
		{EAC49896-C505-4806-BDEA-1F9A1AB269EA}.Debug|iPhoneSimulator.Build.0 = Debug|Any CPU
		{EAC49896-C505-4806-BDEA-1F9A1AB269EA}.Debug|iPhoneSimulator.Deploy.0 = Debug|Any CPU
		{EAC49896-C505-4806-BDEA-1F9A1AB269EA}.Debug|x86.ActiveCfg = Debug|Any CPU
		{EAC49896-C505-4806-BDEA-1F9A1AB269EA}.Debug|x86.Build.0 = Debug|Any CPU
		{EAC49896-C505-4806-BDEA-1F9A1AB269EA}.Debug|x86.Deploy.0 = Debug|Any CPU
		{EAC49896-C505-4806-BDEA-1F9A1AB269EA}.Release|Any CPU.ActiveCfg = Release|Any CPU
		{EAC49896-C505-4806-BDEA-1F9A1AB269EA}.Release|Any CPU.Build.0 = Release|Any CPU
		{EAC49896-C505-4806-BDEA-1F9A1AB269EA}.Release|Any CPU.Deploy.0 = Release|Any CPU
		{EAC49896-C505-4806-BDEA-1F9A1AB269EA}.Release|ARM.ActiveCfg = Release|Any CPU
		{EAC49896-C505-4806-BDEA-1F9A1AB269EA}.Release|ARM.Build.0 = Release|Any CPU
		{EAC49896-C505-4806-BDEA-1F9A1AB269EA}.Release|ARM.Deploy.0 = Release|Any CPU
		{EAC49896-C505-4806-BDEA-1F9A1AB269EA}.Release|iPhone.ActiveCfg = Release|Any CPU
		{EAC49896-C505-4806-BDEA-1F9A1AB269EA}.Release|iPhone.Build.0 = Release|Any CPU
		{EAC49896-C505-4806-BDEA-1F9A1AB269EA}.Release|iPhone.Deploy.0 = Release|Any CPU
		{EAC49896-C505-4806-BDEA-1F9A1AB269EA}.Release|iPhoneSimulator.ActiveCfg = Release|Any CPU
		{EAC49896-C505-4806-BDEA-1F9A1AB269EA}.Release|iPhoneSimulator.Build.0 = Release|Any CPU
		{EAC49896-C505-4806-BDEA-1F9A1AB269EA}.Release|iPhoneSimulator.Deploy.0 = Release|Any CPU
		{EAC49896-C505-4806-BDEA-1F9A1AB269EA}.Release|x86.ActiveCfg = Release|Any CPU
		{EAC49896-C505-4806-BDEA-1F9A1AB269EA}.Release|x86.Build.0 = Release|Any CPU
		{EAC49896-C505-4806-BDEA-1F9A1AB269EA}.Release|x86.Deploy.0 = Release|Any CPU
		{814615B9-336A-4384-A566-CD38ADE95FEF}.Ad-Hoc|Any CPU.ActiveCfg = Ad-Hoc|iPhone
		{814615B9-336A-4384-A566-CD38ADE95FEF}.Ad-Hoc|ARM.ActiveCfg = Ad-Hoc|iPhone
		{814615B9-336A-4384-A566-CD38ADE95FEF}.Ad-Hoc|iPhone.ActiveCfg = Ad-Hoc|iPhone
		{814615B9-336A-4384-A566-CD38ADE95FEF}.Ad-Hoc|iPhone.Build.0 = Ad-Hoc|iPhone
		{814615B9-336A-4384-A566-CD38ADE95FEF}.Ad-Hoc|iPhoneSimulator.ActiveCfg = Ad-Hoc|iPhoneSimulator
		{814615B9-336A-4384-A566-CD38ADE95FEF}.Ad-Hoc|iPhoneSimulator.Build.0 = Ad-Hoc|iPhoneSimulator
		{814615B9-336A-4384-A566-CD38ADE95FEF}.Ad-Hoc|x86.ActiveCfg = Ad-Hoc|iPhone
		{814615B9-336A-4384-A566-CD38ADE95FEF}.AppStore|Any CPU.ActiveCfg = AppStore|iPhone
		{814615B9-336A-4384-A566-CD38ADE95FEF}.AppStore|ARM.ActiveCfg = AppStore|iPhone
		{814615B9-336A-4384-A566-CD38ADE95FEF}.AppStore|iPhone.ActiveCfg = AppStore|iPhone
		{814615B9-336A-4384-A566-CD38ADE95FEF}.AppStore|iPhone.Build.0 = AppStore|iPhone
		{814615B9-336A-4384-A566-CD38ADE95FEF}.AppStore|iPhoneSimulator.ActiveCfg = AppStore|iPhoneSimulator
		{814615B9-336A-4384-A566-CD38ADE95FEF}.AppStore|iPhoneSimulator.Build.0 = AppStore|iPhoneSimulator
		{814615B9-336A-4384-A566-CD38ADE95FEF}.AppStore|x86.ActiveCfg = AppStore|iPhone
		{814615B9-336A-4384-A566-CD38ADE95FEF}.Debug|Any CPU.ActiveCfg = Debug|iPhone
		{814615B9-336A-4384-A566-CD38ADE95FEF}.Debug|ARM.ActiveCfg = Debug|iPhone
		{814615B9-336A-4384-A566-CD38ADE95FEF}.Debug|iPhone.ActiveCfg = Debug|iPhone
		{814615B9-336A-4384-A566-CD38ADE95FEF}.Debug|iPhone.Build.0 = Debug|iPhone
		{814615B9-336A-4384-A566-CD38ADE95FEF}.Debug|iPhoneSimulator.ActiveCfg = Debug|iPhoneSimulator
		{814615B9-336A-4384-A566-CD38ADE95FEF}.Debug|iPhoneSimulator.Build.0 = Debug|iPhoneSimulator
		{814615B9-336A-4384-A566-CD38ADE95FEF}.Debug|x86.ActiveCfg = Debug|iPhone
		{814615B9-336A-4384-A566-CD38ADE95FEF}.Release|Any CPU.ActiveCfg = Release|iPhone
		{814615B9-336A-4384-A566-CD38ADE95FEF}.Release|ARM.ActiveCfg = Release|iPhone
		{814615B9-336A-4384-A566-CD38ADE95FEF}.Release|iPhone.ActiveCfg = Release|iPhone
		{814615B9-336A-4384-A566-CD38ADE95FEF}.Release|iPhone.Build.0 = Release|iPhone
		{814615B9-336A-4384-A566-CD38ADE95FEF}.Release|iPhoneSimulator.ActiveCfg = Release|iPhoneSimulator
		{814615B9-336A-4384-A566-CD38ADE95FEF}.Release|iPhoneSimulator.Build.0 = Release|iPhoneSimulator
		{814615B9-336A-4384-A566-CD38ADE95FEF}.Release|x86.ActiveCfg = Release|iPhone
		{DFAB357B-66DB-4864-A4C1-414794CF934E}.Ad-Hoc|Any CPU.ActiveCfg = Release|Any CPU
		{DFAB357B-66DB-4864-A4C1-414794CF934E}.Ad-Hoc|Any CPU.Build.0 = Release|Any CPU
		{DFAB357B-66DB-4864-A4C1-414794CF934E}.Ad-Hoc|Any CPU.Deploy.0 = Release|Any CPU
		{DFAB357B-66DB-4864-A4C1-414794CF934E}.Ad-Hoc|ARM.ActiveCfg = Release|ARM
		{DFAB357B-66DB-4864-A4C1-414794CF934E}.Ad-Hoc|ARM.Build.0 = Release|ARM
		{DFAB357B-66DB-4864-A4C1-414794CF934E}.Ad-Hoc|ARM.Deploy.0 = Release|ARM
		{DFAB357B-66DB-4864-A4C1-414794CF934E}.Ad-Hoc|iPhone.ActiveCfg = Release|Any CPU
		{DFAB357B-66DB-4864-A4C1-414794CF934E}.Ad-Hoc|iPhone.Build.0 = Release|Any CPU
		{DFAB357B-66DB-4864-A4C1-414794CF934E}.Ad-Hoc|iPhone.Deploy.0 = Release|Any CPU
		{DFAB357B-66DB-4864-A4C1-414794CF934E}.Ad-Hoc|iPhoneSimulator.ActiveCfg = Release|Any CPU
		{DFAB357B-66DB-4864-A4C1-414794CF934E}.Ad-Hoc|iPhoneSimulator.Build.0 = Release|Any CPU
		{DFAB357B-66DB-4864-A4C1-414794CF934E}.Ad-Hoc|iPhoneSimulator.Deploy.0 = Release|Any CPU
		{DFAB357B-66DB-4864-A4C1-414794CF934E}.Ad-Hoc|x86.ActiveCfg = Release|x86
		{DFAB357B-66DB-4864-A4C1-414794CF934E}.Ad-Hoc|x86.Build.0 = Release|x86
		{DFAB357B-66DB-4864-A4C1-414794CF934E}.Ad-Hoc|x86.Deploy.0 = Release|x86
		{DFAB357B-66DB-4864-A4C1-414794CF934E}.AppStore|Any CPU.ActiveCfg = Release|Any CPU
		{DFAB357B-66DB-4864-A4C1-414794CF934E}.AppStore|Any CPU.Build.0 = Release|Any CPU
		{DFAB357B-66DB-4864-A4C1-414794CF934E}.AppStore|Any CPU.Deploy.0 = Release|Any CPU
		{DFAB357B-66DB-4864-A4C1-414794CF934E}.AppStore|ARM.ActiveCfg = Release|ARM
		{DFAB357B-66DB-4864-A4C1-414794CF934E}.AppStore|ARM.Build.0 = Release|ARM
		{DFAB357B-66DB-4864-A4C1-414794CF934E}.AppStore|ARM.Deploy.0 = Release|ARM
		{DFAB357B-66DB-4864-A4C1-414794CF934E}.AppStore|iPhone.ActiveCfg = Release|Any CPU
		{DFAB357B-66DB-4864-A4C1-414794CF934E}.AppStore|iPhone.Build.0 = Release|Any CPU
		{DFAB357B-66DB-4864-A4C1-414794CF934E}.AppStore|iPhone.Deploy.0 = Release|Any CPU
		{DFAB357B-66DB-4864-A4C1-414794CF934E}.AppStore|iPhoneSimulator.ActiveCfg = Release|Any CPU
		{DFAB357B-66DB-4864-A4C1-414794CF934E}.AppStore|iPhoneSimulator.Build.0 = Release|Any CPU
		{DFAB357B-66DB-4864-A4C1-414794CF934E}.AppStore|iPhoneSimulator.Deploy.0 = Release|Any CPU
		{DFAB357B-66DB-4864-A4C1-414794CF934E}.AppStore|x86.ActiveCfg = Release|x86
		{DFAB357B-66DB-4864-A4C1-414794CF934E}.AppStore|x86.Build.0 = Release|x86
		{DFAB357B-66DB-4864-A4C1-414794CF934E}.AppStore|x86.Deploy.0 = Release|x86
		{DFAB357B-66DB-4864-A4C1-414794CF934E}.Debug|Any CPU.ActiveCfg = Debug|Any CPU
		{DFAB357B-66DB-4864-A4C1-414794CF934E}.Debug|Any CPU.Build.0 = Debug|Any CPU
		{DFAB357B-66DB-4864-A4C1-414794CF934E}.Debug|Any CPU.Deploy.0 = Debug|Any CPU
		{DFAB357B-66DB-4864-A4C1-414794CF934E}.Debug|ARM.ActiveCfg = Debug|ARM
		{DFAB357B-66DB-4864-A4C1-414794CF934E}.Debug|ARM.Build.0 = Debug|ARM
		{DFAB357B-66DB-4864-A4C1-414794CF934E}.Debug|ARM.Deploy.0 = Debug|ARM
		{DFAB357B-66DB-4864-A4C1-414794CF934E}.Debug|iPhone.ActiveCfg = Debug|Any CPU
		{DFAB357B-66DB-4864-A4C1-414794CF934E}.Debug|iPhone.Build.0 = Debug|Any CPU
		{DFAB357B-66DB-4864-A4C1-414794CF934E}.Debug|iPhone.Deploy.0 = Debug|Any CPU
		{DFAB357B-66DB-4864-A4C1-414794CF934E}.Debug|iPhoneSimulator.ActiveCfg = Debug|Any CPU
		{DFAB357B-66DB-4864-A4C1-414794CF934E}.Debug|iPhoneSimulator.Build.0 = Debug|Any CPU
		{DFAB357B-66DB-4864-A4C1-414794CF934E}.Debug|iPhoneSimulator.Deploy.0 = Debug|Any CPU
		{DFAB357B-66DB-4864-A4C1-414794CF934E}.Debug|x86.ActiveCfg = Debug|x86
		{DFAB357B-66DB-4864-A4C1-414794CF934E}.Debug|x86.Build.0 = Debug|x86
		{DFAB357B-66DB-4864-A4C1-414794CF934E}.Debug|x86.Deploy.0 = Debug|x86
		{DFAB357B-66DB-4864-A4C1-414794CF934E}.Release|Any CPU.ActiveCfg = Release|Any CPU
		{DFAB357B-66DB-4864-A4C1-414794CF934E}.Release|Any CPU.Build.0 = Release|Any CPU
		{DFAB357B-66DB-4864-A4C1-414794CF934E}.Release|Any CPU.Deploy.0 = Release|Any CPU
		{DFAB357B-66DB-4864-A4C1-414794CF934E}.Release|ARM.ActiveCfg = Release|ARM
		{DFAB357B-66DB-4864-A4C1-414794CF934E}.Release|ARM.Build.0 = Release|ARM
		{DFAB357B-66DB-4864-A4C1-414794CF934E}.Release|ARM.Deploy.0 = Release|ARM
		{DFAB357B-66DB-4864-A4C1-414794CF934E}.Release|iPhone.ActiveCfg = Release|Any CPU
		{DFAB357B-66DB-4864-A4C1-414794CF934E}.Release|iPhone.Build.0 = Release|Any CPU
		{DFAB357B-66DB-4864-A4C1-414794CF934E}.Release|iPhone.Deploy.0 = Release|Any CPU
		{DFAB357B-66DB-4864-A4C1-414794CF934E}.Release|iPhoneSimulator.ActiveCfg = Release|Any CPU
		{DFAB357B-66DB-4864-A4C1-414794CF934E}.Release|iPhoneSimulator.Build.0 = Release|Any CPU
		{DFAB357B-66DB-4864-A4C1-414794CF934E}.Release|iPhoneSimulator.Deploy.0 = Release|Any CPU
		{DFAB357B-66DB-4864-A4C1-414794CF934E}.Release|x86.ActiveCfg = Release|x86
		{DFAB357B-66DB-4864-A4C1-414794CF934E}.Release|x86.Build.0 = Release|x86
		{DFAB357B-66DB-4864-A4C1-414794CF934E}.Release|x86.Deploy.0 = Release|x86
		{1D0190CC-6AD5-46F8-A9BF-3B04E522321D}.Ad-Hoc|Any CPU.ActiveCfg = Release|Any CPU
		{1D0190CC-6AD5-46F8-A9BF-3B04E522321D}.Ad-Hoc|Any CPU.Build.0 = Release|Any CPU
		{1D0190CC-6AD5-46F8-A9BF-3B04E522321D}.Ad-Hoc|ARM.ActiveCfg = Release|Any CPU
		{1D0190CC-6AD5-46F8-A9BF-3B04E522321D}.Ad-Hoc|ARM.Build.0 = Release|Any CPU
		{1D0190CC-6AD5-46F8-A9BF-3B04E522321D}.Ad-Hoc|iPhone.ActiveCfg = Release|Any CPU
		{1D0190CC-6AD5-46F8-A9BF-3B04E522321D}.Ad-Hoc|iPhone.Build.0 = Release|Any CPU
		{1D0190CC-6AD5-46F8-A9BF-3B04E522321D}.Ad-Hoc|iPhoneSimulator.ActiveCfg = Release|Any CPU
		{1D0190CC-6AD5-46F8-A9BF-3B04E522321D}.Ad-Hoc|iPhoneSimulator.Build.0 = Release|Any CPU
		{1D0190CC-6AD5-46F8-A9BF-3B04E522321D}.Ad-Hoc|x86.ActiveCfg = Release|Any CPU
		{1D0190CC-6AD5-46F8-A9BF-3B04E522321D}.Ad-Hoc|x86.Build.0 = Release|Any CPU
		{1D0190CC-6AD5-46F8-A9BF-3B04E522321D}.AppStore|Any CPU.ActiveCfg = Release|Any CPU
		{1D0190CC-6AD5-46F8-A9BF-3B04E522321D}.AppStore|Any CPU.Build.0 = Release|Any CPU
		{1D0190CC-6AD5-46F8-A9BF-3B04E522321D}.AppStore|ARM.ActiveCfg = Release|Any CPU
		{1D0190CC-6AD5-46F8-A9BF-3B04E522321D}.AppStore|ARM.Build.0 = Release|Any CPU
		{1D0190CC-6AD5-46F8-A9BF-3B04E522321D}.AppStore|iPhone.ActiveCfg = Release|Any CPU
		{1D0190CC-6AD5-46F8-A9BF-3B04E522321D}.AppStore|iPhone.Build.0 = Release|Any CPU
		{1D0190CC-6AD5-46F8-A9BF-3B04E522321D}.AppStore|iPhoneSimulator.ActiveCfg = Release|Any CPU
		{1D0190CC-6AD5-46F8-A9BF-3B04E522321D}.AppStore|iPhoneSimulator.Build.0 = Release|Any CPU
		{1D0190CC-6AD5-46F8-A9BF-3B04E522321D}.AppStore|x86.ActiveCfg = Release|Any CPU
		{1D0190CC-6AD5-46F8-A9BF-3B04E522321D}.AppStore|x86.Build.0 = Release|Any CPU
		{1D0190CC-6AD5-46F8-A9BF-3B04E522321D}.Debug|Any CPU.ActiveCfg = Debug|Any CPU
		{1D0190CC-6AD5-46F8-A9BF-3B04E522321D}.Debug|Any CPU.Build.0 = Debug|Any CPU
		{1D0190CC-6AD5-46F8-A9BF-3B04E522321D}.Debug|ARM.ActiveCfg = Debug|Any CPU
		{1D0190CC-6AD5-46F8-A9BF-3B04E522321D}.Debug|ARM.Build.0 = Debug|Any CPU
		{1D0190CC-6AD5-46F8-A9BF-3B04E522321D}.Debug|iPhone.ActiveCfg = Debug|Any CPU
		{1D0190CC-6AD5-46F8-A9BF-3B04E522321D}.Debug|iPhone.Build.0 = Debug|Any CPU
		{1D0190CC-6AD5-46F8-A9BF-3B04E522321D}.Debug|iPhoneSimulator.ActiveCfg = Debug|Any CPU
		{1D0190CC-6AD5-46F8-A9BF-3B04E522321D}.Debug|iPhoneSimulator.Build.0 = Debug|Any CPU
		{1D0190CC-6AD5-46F8-A9BF-3B04E522321D}.Debug|x86.ActiveCfg = Debug|Any CPU
		{1D0190CC-6AD5-46F8-A9BF-3B04E522321D}.Debug|x86.Build.0 = Debug|Any CPU
		{1D0190CC-6AD5-46F8-A9BF-3B04E522321D}.Release|Any CPU.ActiveCfg = Release|Any CPU
		{1D0190CC-6AD5-46F8-A9BF-3B04E522321D}.Release|Any CPU.Build.0 = Release|Any CPU
		{1D0190CC-6AD5-46F8-A9BF-3B04E522321D}.Release|ARM.ActiveCfg = Release|Any CPU
		{1D0190CC-6AD5-46F8-A9BF-3B04E522321D}.Release|ARM.Build.0 = Release|Any CPU
		{1D0190CC-6AD5-46F8-A9BF-3B04E522321D}.Release|iPhone.ActiveCfg = Release|Any CPU
		{1D0190CC-6AD5-46F8-A9BF-3B04E522321D}.Release|iPhone.Build.0 = Release|Any CPU
		{1D0190CC-6AD5-46F8-A9BF-3B04E522321D}.Release|iPhoneSimulator.ActiveCfg = Release|Any CPU
		{1D0190CC-6AD5-46F8-A9BF-3B04E522321D}.Release|iPhoneSimulator.Build.0 = Release|Any CPU
		{1D0190CC-6AD5-46F8-A9BF-3B04E522321D}.Release|x86.ActiveCfg = Release|Any CPU
		{1D0190CC-6AD5-46F8-A9BF-3B04E522321D}.Release|x86.Build.0 = Release|Any CPU
	EndGlobalSection
	GlobalSection(SolutionProperties) = preSolution
		HideSolutionNode = FALSE
	EndGlobalSection
EndGlobal
